
Microsoft Visual Studio Solution File, Format Version 12.00
# Visual Studio 14
VisualStudioVersion = 14.0.25420.1
MinimumVisualStudioVersion = 10.0.40219.1
Project("{2150E333-8FDC-42A3-9474-1A3956D46DE8}") = "src", "src", "{2C2A332B-3FF4-4217-AB31-576A5CD3A5E5}"
EndProject
Project("{2150E333-8FDC-42A3-9474-1A3956D46DE8}") = "Solution Items", "Solution Items", "{9165B6A3-565F-4DF0-9676-F69AFC12215E}"
	ProjectSection(SolutionItems) = preProject
		global.json = global.json
	EndProjectSection
EndProject
Project("{8BB2217D-0F2D-49D1-97BC-3654ED321F3B}") = "HelloMVC", "src\HelloMVC\HelloMVC.xproj", "{51A43FDE-948C-4644-8363-2EC273088F5B}"
EndProject
Global
	GlobalSection(SolutionConfigurationPlatforms) = preSolution
		Debug|Any CPU = Debug|Any CPU
		Release|Any CPU = Release|Any CPU
	EndGlobalSection
	GlobalSection(ProjectConfigurationPlatforms) = postSolution
		{51A43FDE-948C-4644-8363-2EC273088F5B}.Debug|Any CPU.ActiveCfg = Debug|Any CPU
		{51A43FDE-948C-4644-8363-2EC273088F5B}.Debug|Any CPU.Build.0 = Debug|Any CPU
		{51A43FDE-948C-4644-8363-2EC273088F5B}.Release|Any CPU.ActiveCfg = Release|Any CPU
		{51A43FDE-948C-4644-8363-2EC273088F5B}.Release|Any CPU.Build.0 = Release|Any CPU
	EndGlobalSection
	GlobalSection(SolutionProperties) = preSolution
		HideSolutionNode = FALSE
	EndGlobalSection
	GlobalSection(NestedProjects) = preSolution
		{51A43FDE-948C-4644-8363-2EC273088F5B} = {2C2A332B-3FF4-4217-AB31-576A5CD3A5E5}
	EndGlobalSection
EndGlobal
